dependencies:
- name: ingress-nginx
  repository: https://kubernetes.github.io/ingress-nginx
  version: 4.11.3
- name: cert-manager
  repository: https://charts.jetstack.io
  version: v1.16.1
- name: metrics-server
  repository: https://kubernetes-sigs.github.io/metrics-server
  version: 3.12.2
- name: kube-prometheus-stack
  repository: https://prometheus-community.github.io/helm-charts
  version: 65.5.0
- name: loki
  repository: https://grafana.github.io/helm-charts
  version: 6.42.0
- name: promtail
  repository: https://grafana.github.io/helm-charts
  version: 6.17.0
digest: sha256:01b796e18ca9ab4152d78ac882f324a42e98e1107d400754e66bd101bddca8b5
generated: "2025-10-03T08:53:29.066048293+07:00"
