dependencies:
- name: ingress-nginx
  repository: https://kubernetes.github.io/ingress-nginx
  version: 4.11.3
- name: cert-manager
  repository: https://charts.jetstack.io
  version: v1.16.1
- name: metrics-server
  repository: https://kubernetes-sigs.github.io/metrics-server
  version: 3.12.2
- name: kube-prometheus-stack
  repository: https://prometheus-community.github.io/helm-charts
  version: 65.5.0
- name: loki
  repository: https://grafana.github.io/helm-charts
  version: 6.42.0
- name: promtail
  repository: https://grafana.github.io/helm-charts
  version: 6.17.0
- name: k8s-monitoring
  repository: https://grafana.github.io/helm-charts
  version: 4.1.0
digest: sha256:199cd985c07acca4edf1b2c854bd21817fa7040fd1bef4eb49cb834e2ba79d5b
generated: "2026-05-08T04:09:33.100563684+07:00"
