dependencies:
- name: ingress-nginx
  repository: https://kubernetes.github.io/ingress-nginx
  version: 4.11.3
- name: cert-manager
  repository: https://charts.jetstack.io
  version: v1.16.1
- name: cert-issuer
  repository: https://dhis2-sre.github.io/cert-issuer-helm
  version: 0.3.0
digest: sha256:858e76ebd8b256b9b1c6d3694e2acb8f7073e2cac755a16984d5bbdf73fca107
generated: "2024-10-29T15:45:47.718478156+07:00"
